[root]
name = "rsedis"
version = "0.0.1"
dependencies = [
 "command 0.1.0",
 "config 0.1.0",
 "database 0.1.0",
 "libc 0.1.8 (registry+https://github.com/rust-lang/crates.io-index)",
 "networking 0.1.0",
 "parser 0.1.0",
 "rand 0.3.8 (registry+https://github.com/rust-lang/crates.io-index)",
 "response 0.1.0",
 "skiplist 0.2.6 (git+https://github.com/seppo0010/rust-skiplist)",
 "time 0.1.26 (registry+https://github.com/rust-lang/crates.io-index)",
 "util 0.1.0",
]

[[package]]
name = "command"
version = "0.1.0"
dependencies = [
 "database 0.1.0",
 "parser 0.1.0",
 "response 0.1.0",
 "util 0.1.0",
]

[[package]]
name = "config"
version = "0.1.0"
dependencies = [
 "rand 0.3.8 (registry+https://github.com/rust-lang/crates.io-index)",
 "time 0.1.26 (registry+https://github.com/rust-lang/crates.io-index)",
 "util 0.1.0",
]

[[package]]
name = "database"
version = "0.1.0"
dependencies = [
 "config 0.1.0",
 "rand 0.3.8 (registry+https://github.com/rust-lang/crates.io-index)",
 "response 0.1.0",
 "skiplist 0.2.6 (git+https://github.com/seppo0010/rust-skiplist)",
 "util 0.1.0",
]

[[package]]
name = "gcc"
version = "0.3.8"
source = "registry+https://github.com/rust-lang/crates.io-index"

[[package]]
name = "libc"
version = "0.1.8"
source = "registry+https://github.com/rust-lang/crates.io-index"

[[package]]
name = "networking"
version = "0.1.0"
dependencies = [
 "command 0.1.0",
 "config 0.1.0",
 "database 0.1.0",
 "libc 0.1.8 (registry+https://github.com/rust-lang/crates.io-index)",
 "parser 0.1.0",
 "response 0.1.0",
 "util 0.1.0",
]

[[package]]
name = "parser"
version = "0.1.0"

[[package]]
name = "rand"
version = "0.3.8"
source = "registry+https://github.com/rust-lang/crates.io-index"
dependencies = [
 "libc 0.1.8 (registry+https://github.com/rust-lang/crates.io-index)",
]

[[package]]
name = "response"
version = "0.1.0"

[[package]]
name = "skiplist"
version = "0.2.6"
source = "git+https://github.com/seppo0010/rust-skiplist#9f386ac1eaedd74eec7e618b0942e41937284716"
dependencies = [
 "rand 0.3.8 (registry+https://github.com/rust-lang/crates.io-index)",
]

[[package]]
name = "time"
version = "0.1.26"
source = "registry+https://github.com/rust-lang/crates.io-index"
dependencies = [
 "gcc 0.3.8 (registry+https://github.com/rust-lang/crates.io-index)",
 "libc 0.1.8 (registry+https://github.com/rust-lang/crates.io-index)",
]

[[package]]
name = "util"
version = "0.1.0"
dependencies = [
 "time 0.1.26 (registry+https://github.com/rust-lang/crates.io-index)",
]

